// !$*UTF8*$!
{
	archiveVersion = 1;
	classes = {
	};
	objectVersion = 56;
	objects = {

/* Begin PBXBuildFile section */
		CEF2D0722B51D5320050E8F7 /* AppDelegate.swift in Sources */ = {isa = PBXBuildFile; fileRef = CEF2D0712B51D5320050E8F7 /* AppDelegate.swift */; };
		CEF2D0742B51D5320050E8F7 /* SceneDelegate.swift in Sources */ = {isa = PBXBuildFile; fileRef = CEF2D0732B51D5320050E8F7 /* SceneDelegate.swift */; };
		CEF2D0762B51D5320050E8F7 /* StudentViewController.swift in Sources */ = {isa = PBXBuildFile; fileRef = CEF2D0752B51D5320050E8F7 /* StudentViewController.swift */; };
		CEF2D07B2B51D5330050E8F7 /* Assets.xcassets in Resources */ = {isa = PBXBuildFile; fileRef = CEF2D07A2B51D5330050E8F7 /* Assets.xcassets */; };
		CEF2D07E2B51D5330050E8F7 /* LaunchScreen.storyboard in Resources */ = {isa = PBXBuildFile; fileRef = CEF2D07C2B51D5330050E8F7 /* LaunchScreen.storyboard */; };
		CEF2D08B2B51D6820050E8F7 /* CollectionViewCell.swift in Sources */ = {isa = PBXBuildFile; fileRef = CEF2D08A2B51D6820050E8F7 /* CollectionViewCell.swift */; };
		CEF2D08D2B51D6B80050E8F7 /* Student.swift in Sources */ = {isa = PBXBuildFile; fileRef = CEF2D08C2B51D6B80050E8F7 /* Student.swift */; };
		CEF2D08F2B51D6E40050E8F7 /* Students.json in Resources */ = {isa = PBXBuildFile; fileRef = CEF2D08E2B51D6E40050E8F7 /* Students.json */; };
		CEF2D0922B51D71E0050E8F7 /* JsonParser.swift in Sources */ = {isa = PBXBuildFile; fileRef = CEF2D0912B51D71E0050E8F7 /* JsonParser.swift */; };
/* End PBXBuildFile section */

/* Begin PBXFileReference section */
		CEF2D06E2B51D5320050E8F7 /* homework2-6.app */ = {isa = PBXFileReference; explicitFileType = wrapper.application; includeInIndex = 0; path = "homework2-6.app"; sourceTree = BUILT_PRODUCTS_DIR; };
		CEF2D0712B51D5320050E8F7 /* AppDelegate.swift */ = {isa = PBXFileReference; lastKnownFileType = sourcecode.swift; path = AppDelegate.swift; sourceTree = "<group>"; };
		CEF2D0732B51D5320050E8F7 /* SceneDelegate.swift */ = {isa = PBXFileReference; lastKnownFileType = sourcecode.swift; path = SceneDelegate.swift; sourceTree = "<group>"; };
		CEF2D0752B51D5320050E8F7 /* StudentViewController.swift */ = {isa = PBXFileReference; lastKnownFileType = sourcecode.swift; path = StudentViewController.swift; sourceTree = "<group>"; };
		CEF2D07A2B51D5330050E8F7 /* Assets.xcassets */ = {isa = PBXFileReference; lastKnownFileType = folder.assetcatalog; path = Assets.xcassets; sourceTree = "<group>"; };
		CEF2D07D2B51D5330050E8F7 /* Base */ = {isa = PBXFileReference; lastKnownFileType = file.storyboard; name = Base; path = Base.lproj/LaunchScreen.storyboard; sourceTree = "<group>"; };
		CEF2D07F2B51D5330050E8F7 /* Info.plist */ = {isa = PBXFileReference; lastKnownFileType = text.plist.xml; path = Info.plist; sourceTree = "<group>"; };
		CEF2D08A2B51D6820050E8F7 /* CollectionViewCell.swift */ = {isa = PBXFileReference; lastKnownFileType = sourcecode.swift; path = CollectionViewCell.swift; sourceTree = "<group>"; };
		CEF2D08C2B51D6B80050E8F7 /* Student.swift */ = {isa = PBXFileReference; lastKnownFileType = sourcecode.swift; path = Student.swift; sourceTree = "<group>"; };
		CEF2D08E2B51D6E40050E8F7 /* Students.json */ = {isa = PBXFileReference; lastKnownFileType = text.json; path = Students.json; sourceTree = "<group>"; };
		CEF2D0912B51D71E0050E8F7 /* JsonParser.swift */ = {isa = PBXFileReference; lastKnownFileType = sourcecode.swift; path = JsonParser.swift; sourceTree = "<group>"; };
/* End PBXFileReference section */

/* Begin PBXFrameworksBuildPhase section */
		CEF2D06B2B51D5320050E8F7 /* Frameworks */ = {
			isa = PBXFrameworksBuildPhase;
			buildActionMask = 2147483647;
			files = (
			);
			runOnlyForDeploymentPostprocessing = 0;
		};
/* End PBXFrameworksBuildPhase section */

/* Begin PBXGroup section */
		CEF2D0652B51D5320050E8F7 = {
			isa = PBXGroup;
			children = (
				CEF2D0702B51D5320050E8F7 /* homework2-6 */,
				CEF2D06F2B51D5320050E8F7 /* Products */,
			);
			sourceTree = "<group>";
		};
		CEF2D06F2B51D5320050E8F7 /* Products */ = {
			isa = PBXGroup;
			children = (
				CEF2D06E2B51D5320050E8F7 /* homework2-6.app */,
			);
			name = Products;
			sourceTree = "<group>";
		};
		CEF2D0702B51D5320050E8F7 /* homework2-6 */ = {
			isa = PBXGroup;
			children = (
				CEF2D0902B51D6FF0050E8F7 /* JSON */,
				CEF2D0852B51D5CC0050E8F7 /* App */,
				CEF2D0892B51D66D0050E8F7 /* Model */,
				CEF2D0862B51D5D80050E8F7 /* Modules */,
				CEF2D0882B51D5ED0050E8F7 /* Resources */,
				CEF2D07F2B51D5330050E8F7 /* Info.plist */,
			);
			path = "homework2-6";
			sourceTree = "<group>";
		};
		CEF2D0852B51D5CC0050E8F7 /* App */ = {
			isa = PBXGroup;
			children = (
				CEF2D0712B51D5320050E8F7 /* AppDelegate.swift */,
				CEF2D0732B51D5320050E8F7 /* SceneDelegate.swift */,
			);
			path = App;
			sourceTree = "<group>";
		};
		CEF2D0862B51D5D80050E8F7 /* Modules */ = {
			isa = PBXGroup;
			children = (
				CEF2D0872B51D5E10050E8F7 /* Controllers */,
			);
			path = Modules;
			sourceTree = "<group>";
		};
		CEF2D0872B51D5E10050E8F7 /* Controllers */ = {
			isa = PBXGroup;
			children = (
				CEF2D0752B51D5320050E8F7 /* StudentViewController.swift */,
			);
			path = Controllers;
			sourceTree = "<group>";
		};
		CEF2D0882B51D5ED0050E8F7 /* Resources */ = {
			isa = PBXGroup;
			children = (
				CEF2D07A2B51D5330050E8F7 /* Assets.xcassets */,
				CEF2D07C2B51D5330050E8F7 /* LaunchScreen.storyboard */,
			);
			path = Resources;
			sourceTree = "<group>";
		};
		CEF2D0892B51D66D0050E8F7 /* Model */ = {
			isa = PBXGroup;
			children = (
				CEF2D08A2B51D6820050E8F7 /* CollectionViewCell.swift */,
				CEF2D08C2B51D6B80050E8F7 /* Student.swift */,
				CEF2D0912B51D71E0050E8F7 /* JsonParser.swift */,
			);
			path = Model;
			sourceTree = "<group>";
		};
		CEF2D0902B51D6FF0050E8F7 /* JSON */ = {
			isa = PBXGroup;
			children = (
				CEF2D08E2B51D6E40050E8F7 /* Students.json */,
			);
			path = JSON;
			sourceTree = "<group>";
		};
/* End PBXGroup section */

/* Begin PBXNativeTarget section */
		CEF2D06D2B51D5320050E8F7 /* homework2-6 */ = {
			isa = PBXNativeTarget;
			buildConfigurationList = CEF2D0822B51D5330050E8F7 /* Build configuration list for PBXNativeTarget "homework2-6" */;
			buildPhases = (
				CEF2D06A2B51D5320050E8F7 /* Sources */,
				CEF2D06B2B51D5320050E8F7 /* Frameworks */,
				CEF2D06C2B51D5320050E8F7 /* Resources */,
			);
			buildRules = (
			);
			dependencies = (
			);
			name = "homework2-6";
			productName = "homework2-6";
			productReference = CEF2D06E2B51D5320050E8F7 /* homework2-6.app */;
			productType = "com.apple.product-type.application";
		};
/* End PBXNativeTarget section */

/* Begin PBXProject section */
		CEF2D0662B51D5320050E8F7 /* Project object */ = {
			isa = PBXProject;
			attributes = {
				BuildIndependentTargetsInParallel = 1;
				LastSwiftUpdateCheck = 1400;
				LastUpgradeCheck = 1400;
				TargetAttributes = {
					CEF2D06D2B51D5320050E8F7 = {
						CreatedOnToolsVersion = 14.0;
					};
				};
			};
			buildConfigurationList = CEF2D0692B51D5320050E8F7 /* Build configuration list for PBXProject "homework2-6" */;
			compatibilityVersion = "Xcode 14.0";
			developmentRegion = en;
			hasScannedForEncodings = 0;
			knownRegions = (
				en,
				Base,
			);
			mainGroup = CEF2D0652B51D5320050E8F7;
			productRefGroup = CEF2D06F2B51D5320050E8F7 /* Products */;
			projectDirPath = "";
			projectRoot = "";
			targets = (
				CEF2D06D2B51D5320050E8F7 /* homework2-6 */,
			);
		};
/* End PBXProject section */

/* Begin PBXResourcesBuildPhase section */
		CEF2D06C2B51D5320050E8F7 /* Resources */ = {
			isa = PBXResourcesBuildPhase;
			buildActionMask = 2147483647;
			files = (
				CEF2D07E2B51D5330050E8F7 /* LaunchScreen.storyboard in Resources */,
				CEF2D08F2B51D6E40050E8F7 /* Students.json in Resources */,
				CEF2D07B2B51D5330050E8F7 /* Assets.xcassets in Resources */,
			);
			runOnlyForDeploymentPostprocessing = 0;
		};
/* End PBXResourcesBuildPhase section */

/* Begin PBXSourcesBuildPhase section */
		CEF2D06A2B51D5320050E8F7 /* Sources */ = {
			isa = PBXSourcesBuildPhase;
			buildActionMask = 2147483647;
			files = (
				CEF2D0762B51D5320050E8F7 /* StudentViewController.swift in Sources */,
				CEF2D0722B51D5320050E8F7 /* AppDelegate.swift in Sources */,
				CEF2D0922B51D71E0050E8F7 /* JsonParser.swift in Sources */,
				CEF2D08B2B51D6820050E8F7 /* CollectionViewCell.swift in Sources */,
				CEF2D08D2B51D6B80050E8F7 /* Student.swift in Sources */,
				CEF2D0742B51D5320050E8F7 /* SceneDelegate.swift in Sources */,
			);
			runOnlyForDeploymentPostprocessing = 0;
		};
/* End PBXSourcesBuildPhase section */

/* Begin PBXVariantGroup section */
		CEF2D07C2B51D5330050E8F7 /* LaunchScreen.storyboard */ = {
			isa = PBXVariantGroup;
			children = (
				CEF2D07D2B51D5330050E8F7 /* Base */,
			);
			name = LaunchScreen.storyboard;
			sourceTree = "<group>";
		};
/* End PBXVariantGroup section */

/* Begin XCBuildConfiguration section */
		CEF2D0802B51D5330050E8F7 /* Debug */ = {
			isa = XCBuildConfiguration;
			buildSettings = {
				ALWAYS_SEARCH_USER_PATHS = NO;
				CLANG_ANALYZER_NONNULL = YES;
				CLANG_ANALYZER_NUMBER_OBJECT_CONVERSION = YES_AGGRESSIVE;
				CLANG_CXX_LANGUAGE_STANDARD = "gnu++20";
				CLANG_ENABLE_MODULES = YES;
				CLANG_ENABLE_OBJC_ARC = YES;
				CLANG_ENABLE_OBJC_WEAK = YES;
				CLANG_WARN_BLOCK_CAPTURE_AUTORELEASING = YES;
				CLANG_WARN_BOOL_CONVERSION = YES;
				CLANG_WARN_COMMA = YES;
				CLANG_WARN_CONSTANT_CONVERSION = YES;
				CLANG_WARN_DEPRECATED_OBJC_IMPLEMENTATIONS = YES;
				CLANG_WARN_DIRECT_OBJC_ISA_USAGE = YES_ERROR;
				CLANG_WARN_DOCUMENTATION_COMMENTS = YES;
				CLANG_WARN_EMPTY_BODY = YES;
				CLANG_WARN_ENUM_CONVERSION = YES;
				CLANG_WARN_INFINITE_RECURSION = YES;
				CLANG_WARN_INT_CONVERSION = YES;
				CLANG_WARN_NON_LITERAL_NULL_CONVERSION = YES;
				CLANG_WARN_OBJC_IMPLICIT_RETAIN_SELF = YES;
				CLANG_WARN_OBJC_LITERAL_CONVERSION = YES;
				CLANG_WARN_OBJC_ROOT_CLASS = YES_ERROR;
				CLANG_WARN_QUOTED_INCLUDE_IN_FRAMEWORK_HEADER = YES;
				CLANG_WARN_RANGE_LOOP_ANALYSIS = YES;
				CLANG_WARN_STRICT_PROTOTYPES = YES;
				CLANG_WARN_SUSPICIOUS_MOVE = YES;
				CLANG_WARN_UNGUARDED_AVAILABILITY = YES_AGGRESSIVE;
				CLANG_WARN_UNREACHABLE_CODE = YES;
				CLANG_WARN__DUPLICATE_METHOD_MATCH = YES;
				COPY_PHASE_STRIP = NO;
				DEBUG_INFORMATION_FORMAT = dwarf;
				ENABLE_STRICT_OBJC_MSGSEND = YES;
				ENABLE_TESTABILITY = YES;
				GCC_C_LANGUAGE_STANDARD = gnu11;
				GCC_DYNAMIC_NO_PIC = NO;
				GCC_NO_COMMON_BLOCKS = YES;
				GCC_OPTIMIZATION_LEVEL = 0;
				GCC_PREPROCESSOR_DEFINITIONS = (
					"DEBUG=1",
					"$(inherited)",
				);
				GCC_WARN_64_TO_32_BIT_CONVERSION = YES;
				GCC_WARN_ABOUT_RETURN_TYPE = YES_ERROR;
				GCC_WARN_UNDECLARED_SELECTOR = YES;
				GCC_WARN_UNINITIALIZED_AUTOS = YES_AGGRESSIVE;
				GCC_WARN_UNUSED_FUNCTION = YES;
				GCC_WARN_UNUSED_VARIABLE = YES;
				IPHONEOS_DEPLOYMENT_TARGET = 16.0;
				MTL_ENABLE_DEBUG_INFO = INCLUDE_SOURCE;
				MTL_FAST_MATH = YES;
				ONLY_ACTIVE_ARCH = YES;
				SDKROOT = iphoneos;
				SWIFT_ACTIVE_COMPILATION_CONDITIONS = DEBUG;
				SWIFT_OPTIMIZATION_LEVEL = "-Onone";
			};
			name = Debug;
		};
		CEF2D0812B51D5330050E8F7 /* Release */ = {
			isa = XCBuildConfiguration;
			buildSettings = {
				ALWAYS_SEARCH_USER_PATHS = NO;
				CLANG_ANALYZER_NONNULL = YES;
				CLANG_ANALYZER_NUMBER_OBJECT_CONVERSION = YES_AGGRESSIVE;
				CLANG_CXX_LANGUAGE_STANDARD = "gnu++20";
				CLANG_ENABLE_MODULES = YES;
				CLANG_ENABLE_OBJC_ARC = YES;
				CLANG_ENABLE_OBJC_WEAK = YES;
				CLANG_WARN_BLOCK_CAPTURE_AUTORELEASING = YES;
				CLANG_WARN_BOOL_CONVERSION = YES;
				CLANG_WARN_COMMA = YES;
				CLANG_WARN_CONSTANT_CONVERSION = YES;
				CLANG_WARN_DEPRECATED_OBJC_IMPLEMENTATIONS = YES;
				CLANG_WARN_DIRECT_OBJC_ISA_USAGE = YES_ERROR;
				CLANG_WARN_DOCUMENTATION_COMMENTS = YES;
				CLANG_WARN_EMPTY_BODY = YES;
				CLANG_WARN_ENUM_CONVERSION = YES;
				CLANG_WARN_INFINITE_RECURSION = YES;
				CLANG_WARN_INT_CONVERSION = YES;
				CLANG_WARN_NON_LITERAL_NULL_CONVERSION = YES;
				CLANG_WARN_OBJC_IMPLICIT_RETAIN_SELF = YES;
				CLANG_WARN_OBJC_LITERAL_CONVERSION = YES;
				CLANG_WARN_OBJC_ROOT_CLASS = YES_ERROR;
				CLANG_WARN_QUOTED_INCLUDE_IN_FRAMEWORK_HEADER = YES;
				CLANG_WARN_RANGE_LOOP_ANALYSIS = YES;
				CLANG_WARN_STRICT_PROTOTYPES = YES;
				CLANG_WARN_SUSPICIOUS_MOVE = YES;
				CLANG_WARN_UNGUARDED_AVAILABILITY = YES_AGGRESSIVE;
				CLANG_WARN_UNREACHABLE_CODE = YES;
				CLANG_WARN__DUPLICATE_METHOD_MATCH = YES;
				COPY_PHASE_STRIP = NO;
				DEBUG_INFORMATION_FORMAT = "dwarf-with-dsym";
				ENABLE_NS_ASSERTIONS = NO;
				ENABLE_STRICT_OBJC_MSGSEND = YES;
				GCC_C_LANGUAGE_STANDARD = gnu11;
				GCC_NO_COMMON_BLOCKS = YES;
				GCC_WARN_64_TO_32_BIT_CONVERSION = YES;
				GCC_WARN_ABOUT_RETURN_TYPE = YES_ERROR;
				GCC_WARN_UNDECLARED_SELECTOR = YES;
				GCC_WARN_UNINITIALIZED_AUTOS = YES_AGGRESSIVE;
				GCC_WARN_UNUSED_FUNCTION = YES;
				GCC_WARN_UNUSED_VARIABLE = YES;
				IPHONEOS_DEPLOYMENT_TARGET = 16.0;
				MTL_ENABLE_DEBUG_INFO = NO;
				MTL_FAST_MATH = YES;
				SDKROOT = iphoneos;
				SWIFT_COMPILATION_MODE = wholemodule;
				SWIFT_OPTIMIZATION_LEVEL = "-O";
				VALIDATE_PRODUCT = YES;
			};
			name = Release;
		};
		CEF2D0832B51D5330050E8F7 /* Debug */ = {
			isa = XCBuildConfiguration;
			buildSettings = {
				ASSETCATALOG_COMPILER_APPICON_NAME = AppIcon;
				ASSETCATALOG_COMPILER_GLOBAL_ACCENT_COLOR_NAME = AccentColor;
				CODE_SIGN_STYLE = Automatic;
				CURRENT_PROJECT_VERSION = 1;
				DEVELOPMENT_TEAM = 3WQN3TSW6L;
				GENERATE_INFOPLIST_FILE = YES;
				INFOPLIST_FILE = "homework2-6/Info.plist";
				INFOPLIST_KEY_UIApplicationSupportsIndirectInputEvents = YES;
				INFOPLIST_KEY_UILaunchStoryboardName = LaunchScreen;
				INFOPLIST_KEY_UISupportedInterfaceOrientations_iPad = "UIInterfaceOrientationPortrait UIInterfaceOrientationPortraitUpsideDown UIInterfaceOrientationLandscapeLeft UIInterfaceOrientationLandscapeRight";
				INFOPLIST_KEY_UISupportedInterfaceOrientations_iPhone = "UIInterfaceOrientationPortrait UIInterfaceOrientationLandscapeLeft UIInterfaceOrientationLandscapeRight";
				LD_RUNPATH_SEARCH_PATHS = (
					"$(inherited)",
					"@executable_path/Frameworks",
				);
				MARKETING_VERSION = 1.0;
				PRODUCT_BUNDLE_IDENTIFIER = "month-6.homework2-6";
				PRODUCT_NAME = "$(TARGET_NAME)";
				SWIFT_EMIT_LOC_STRINGS = YES;
				SWIFT_VERSION = 5.0;
				TARGETED_DEVICE_FAMILY = "1,2";
			};
			name = Debug;
		};
		CEF2D0842B51D5330050E8F7 /* Release */ = {
			isa = XCBuildConfiguration;
			buildSettings = {
				ASSETCATALOG_COMPILER_APPICON_NAME = AppIcon;
				ASSETCATALOG_COMPILER_GLOBAL_ACCENT_COLOR_NAME = AccentColor;
				CODE_SIGN_STYLE = Automatic;
				CURRENT_PROJECT_VERSION = 1;
				DEVELOPMENT_TEAM = 3WQN3TSW6L;
				GENERATE_INFOPLIST_FILE = YES;
				INFOPLIST_FILE = "homework2-6/Info.plist";
				INFOPLIST_KEY_UIApplicationSupportsIndirectInputEvents = YES;
				INFOPLIST_KEY_UILaunchStoryboardName = LaunchScreen;
				INFOPLIST_KEY_UISupportedInterfaceOrientations_iPad = "UIInterfaceOrientationPortrait UIInterfaceOrientationPortraitUpsideDown UIInterfaceOrientationLandscapeLeft UIInterfaceOrientationLandscapeRight";
				INFOPLIST_KEY_UISupportedInterfaceOrientations_iPhone = "UIInterfaceOrientationPortrait UIInterfaceOrientationLandscapeLeft UIInterfaceOrientationLandscapeRight";
				LD_RUNPATH_SEARCH_PATHS = (
					"$(inherited)",
					"@executable_path/Frameworks",
				);
				MARKETING_VERSION = 1.0;
				PRODUCT_BUNDLE_IDENTIFIER = "month-6.homework2-6";
				PRODUCT_NAME = "$(TARGET_NAME)";
				SWIFT_EMIT_LOC_STRINGS = YES;
				SWIFT_VERSION = 5.0;
				TARGETED_DEVICE_FAMILY = "1,2";
			};
			name = Release;
		};
/* End XCBuildConfiguration section */

/* Begin XCConfigurationList section */
		CEF2D0692B51D5320050E8F7 /* Build configuration list for PBXProject "homework2-6" */ = {
			isa = XCConfigurationList;
			buildConfigurations = (
				CEF2D0802B51D5330050E8F7 /* Debug */,
				CEF2D0812B51D5330050E8F7 /* Release */,
			);
			defaultConfigurationIsVisible = 0;
			defaultConfigurationName = Release;
		};
		CEF2D0822B51D5330050E8F7 /* Build configuration list for PBXNativeTarget "homework2-6" */ = {
			isa = XCConfigurationList;
			buildConfigurations = (
				CEF2D0832B51D5330050E8F7 /* Debug */,
				CEF2D0842B51D5330050E8F7 /* Release */,
			);
			defaultConfigurationIsVisible = 0;
			defaultConfigurationName = Release;
		};
/* End XCConfigurationList section */
	};
	rootObject = CEF2D0662B51D5320050E8F7 /* Project object */;
}
